
Microsoft Visual Studio Solution File, Format Version 12.00
# Visual Studio Version 17
VisualStudioVersion = 17.2.32526.322
MinimumVisualStudioVersion = 10.0.40219.1
Project("{FAE04EC0-301F-11D3-BF4B-00C04F79EFBC}") = "AuthenticationFilterDemo2", "AuthenticationFilterDemo2\AuthenticationFilterDemo2.csproj", "{3A550D12-1029-4F0A-87C8-589E98BB37CB}"
EndProject
Global
	GlobalSection(SolutionConfigurationPlatforms) = preSolution
		Debug|Any CPU = Debug|Any CPU
		Release|Any CPU = Release|Any CPU
	EndGlobalSection
	GlobalSection(ProjectConfigurationPlatforms) = postSolution
		{3A550D12-1029-4F0A-87C8-589E98BB37CB}.Debug|Any CPU.ActiveCfg = Debug|Any CPU
		{3A550D12-1029-4F0A-87C8-589E98BB37CB}.Debug|Any CPU.Build.0 = Debug|Any CPU
		{3A550D12-1029-4F0A-87C8-589E98BB37CB}.Release|Any CPU.ActiveCfg = Release|Any CPU
		{3A550D12-1029-4F0A-87C8-589E98BB37CB}.Release|Any CPU.Build.0 = Release|Any CPU
	EndGlobalSection
	GlobalSection(SolutionProperties) = preSolution
		HideSolutionNode = FALSE
	EndGlobalSection
	GlobalSection(ExtensibilityGlobals) = postSolution
		SolutionGuid = {285ECDEC-FEA3-49C1-A243-BA1CA5EF5DE1}
	EndGlobalSection
EndGlobal
